
Microsoft Visual Studio Solution File, Format Version 12.00
# Visual Studio 14
VisualStudioVersion = 14.0.25420.1
MinimumVisualStudioVersion = 10.0.40219.1
Project("{FAE04EC0-301F-11D3-BF4B-00C04F79EFBC}") = "DotNetKafkaClient", "DotNetKafkaClient\DotNetKafkaClient.csproj", "{A92DD03B-EE4F-4A78-9FB2-279B6348C7D2}"
EndProject
Project("{FAE04EC0-301F-11D3-BF4B-00C04F79EFBC}") = "ConsoleConsumer", "ConsoleConsumer\ConsoleConsumer.csproj", "{E766977F-E288-4456-9735-FF250D8A6B94}"
EndProject
Project("{FAE04EC0-301F-11D3-BF4B-00C04F79EFBC}") = "ConsoleProducer", "ConsoleProducer\ConsoleProducer.csproj", "{E18615A6-DD87-4684-AB12-D4D8BD9F619A}"
EndProject
Global
	GlobalSection(SolutionConfigurationPlatforms) = preSolution
		Debug|Any CPU = Debug|Any CPU
		Debug|x64 = Debug|x64
		Debug|x86 = Debug|x86
		Integration|Any CPU = Integration|Any CPU
		Integration|x64 = Integration|x64
		Integration|x86 = Integration|x86
		Release|Any CPU = Release|Any CPU
		Release|x64 = Release|x64
		Release|x86 = Release|x86
	EndGlobalSection
	GlobalSection(ProjectConfigurationPlatforms) = postSolution
		{A92DD03B-EE4F-4A78-9FB2-279B6348C7D2}.Debug|Any CPU.ActiveCfg = Debug|Any CPU
		{A92DD03B-EE4F-4A78-9FB2-279B6348C7D2}.Debug|Any CPU.Build.0 = Debug|Any CPU
		{A92DD03B-EE4F-4A78-9FB2-279B6348C7D2}.Debug|x64.ActiveCfg = Debug|x64
		{A92DD03B-EE4F-4A78-9FB2-279B6348C7D2}.Debug|x64.Build.0 = Debug|x64
		{A92DD03B-EE4F-4A78-9FB2-279B6348C7D2}.Debug|x86.ActiveCfg = Debug|Win32
		{A92DD03B-EE4F-4A78-9FB2-279B6348C7D2}.Debug|x86.Build.0 = Debug|Win32
		{A92DD03B-EE4F-4A78-9FB2-279B6348C7D2}.Integration|Any CPU.ActiveCfg = Integration|Any CPU
		{A92DD03B-EE4F-4A78-9FB2-279B6348C7D2}.Integration|Any CPU.Build.0 = Integration|Any CPU
		{A92DD03B-EE4F-4A78-9FB2-279B6348C7D2}.Integration|x64.ActiveCfg = Integration|x64
		{A92DD03B-EE4F-4A78-9FB2-279B6348C7D2}.Integration|x64.Build.0 = Integration|x64
		{A92DD03B-EE4F-4A78-9FB2-279B6348C7D2}.Integration|x86.ActiveCfg = Integration|Win32
		{A92DD03B-EE4F-4A78-9FB2-279B6348C7D2}.Integration|x86.Build.0 = Integration|Win32
		{A92DD03B-EE4F-4A78-9FB2-279B6348C7D2}.Release|Any CPU.ActiveCfg = Release|Any CPU
		{A92DD03B-EE4F-4A78-9FB2-279B6348C7D2}.Release|Any CPU.Build.0 = Release|Any CPU
		{A92DD03B-EE4F-4A78-9FB2-279B6348C7D2}.Release|x64.ActiveCfg = Release|x64
		{A92DD03B-EE4F-4A78-9FB2-279B6348C7D2}.Release|x64.Build.0 = Release|x64
		{A92DD03B-EE4F-4A78-9FB2-279B6348C7D2}.Release|x86.ActiveCfg = Release|Win32
		{A92DD03B-EE4F-4A78-9FB2-279B6348C7D2}.Release|x86.Build.0 = Release|Win32
		{E766977F-E288-4456-9735-FF250D8A6B94}.Debug|Any CPU.ActiveCfg = Debug|Any CPU
		{E766977F-E288-4456-9735-FF250D8A6B94}.Debug|Any CPU.Build.0 = Debug|Any CPU
		{E766977F-E288-4456-9735-FF250D8A6B94}.Debug|x64.ActiveCfg = Debug|Any CPU
		{E766977F-E288-4456-9735-FF250D8A6B94}.Debug|x64.Build.0 = Debug|Any CPU
		{E766977F-E288-4456-9735-FF250D8A6B94}.Debug|x86.ActiveCfg = Debug|Any CPU
		{E766977F-E288-4456-9735-FF250D8A6B94}.Debug|x86.Build.0 = Debug|Any CPU
		{E766977F-E288-4456-9735-FF250D8A6B94}.Integration|Any CPU.ActiveCfg = Release|Any CPU
		{E766977F-E288-4456-9735-FF250D8A6B94}.Integration|Any CPU.Build.0 = Release|Any CPU
		{E766977F-E288-4456-9735-FF250D8A6B94}.Integration|x64.ActiveCfg = Release|Any CPU
		{E766977F-E288-4456-9735-FF250D8A6B94}.Integration|x64.Build.0 = Release|Any CPU
		{E766977F-E288-4456-9735-FF250D8A6B94}.Integration|x86.ActiveCfg = Release|Any CPU
		{E766977F-E288-4456-9735-FF250D8A6B94}.Integration|x86.Build.0 = Release|Any CPU
		{E766977F-E288-4456-9735-FF250D8A6B94}.Release|Any CPU.ActiveCfg = Release|Any CPU
		{E766977F-E288-4456-9735-FF250D8A6B94}.Release|Any CPU.Build.0 = Release|Any CPU
		{E766977F-E288-4456-9735-FF250D8A6B94}.Release|x64.ActiveCfg = Release|Any CPU
		{E766977F-E288-4456-9735-FF250D8A6B94}.Release|x64.Build.0 = Release|Any CPU
		{E766977F-E288-4456-9735-FF250D8A6B94}.Release|x86.ActiveCfg = Release|Any CPU
		{E766977F-E288-4456-9735-FF250D8A6B94}.Release|x86.Build.0 = Release|Any CPU
		{E18615A6-DD87-4684-AB12-D4D8BD9F619A}.Debug|Any CPU.ActiveCfg = Debug|Any CPU
		{E18615A6-DD87-4684-AB12-D4D8BD9F619A}.Debug|Any CPU.Build.0 = Debug|Any CPU
		{E18615A6-DD87-4684-AB12-D4D8BD9F619A}.Debug|x64.ActiveCfg = Debug|Any CPU
		{E18615A6-DD87-4684-AB12-D4D8BD9F619A}.Debug|x64.Build.0 = Debug|Any CPU
		{E18615A6-DD87-4684-AB12-D4D8BD9F619A}.Debug|x86.ActiveCfg = Debug|Any CPU
		{E18615A6-DD87-4684-AB12-D4D8BD9F619A}.Debug|x86.Build.0 = Debug|Any CPU
		{E18615A6-DD87-4684-AB12-D4D8BD9F619A}.Integration|Any CPU.ActiveCfg = Release|Any CPU
		{E18615A6-DD87-4684-AB12-D4D8BD9F619A}.Integration|Any CPU.Build.0 = Release|Any CPU
		{E18615A6-DD87-4684-AB12-D4D8BD9F619A}.Integration|x64.ActiveCfg = Release|Any CPU
		{E18615A6-DD87-4684-AB12-D4D8BD9F619A}.Integration|x64.Build.0 = Release|Any CPU
		{E18615A6-DD87-4684-AB12-D4D8BD9F619A}.Integration|x86.ActiveCfg = Release|Any CPU
		{E18615A6-DD87-4684-AB12-D4D8BD9F619A}.Integration|x86.Build.0 = Release|Any CPU
		{E18615A6-DD87-4684-AB12-D4D8BD9F619A}.Release|Any CPU.ActiveCfg = Release|Any CPU
		{E18615A6-DD87-4684-AB12-D4D8BD9F619A}.Release|Any CPU.Build.0 = Release|Any CPU
		{E18615A6-DD87-4684-AB12-D4D8BD9F619A}.Release|x64.ActiveCfg = Release|Any CPU
		{E18615A6-DD87-4684-AB12-D4D8BD9F619A}.Release|x64.Build.0 = Release|Any CPU
		{E18615A6-DD87-4684-AB12-D4D8BD9F619A}.Release|x86.ActiveCfg = Release|Any CPU
		{E18615A6-DD87-4684-AB12-D4D8BD9F619A}.Release|x86.Build.0 = Release|Any CPU
	EndGlobalSection
	GlobalSection(SolutionProperties) = preSolution
		HideSolutionNode = FALSE
	EndGlobalSection
EndGlobal
